
Microsoft Visual Studio Solution File, Format Version 12.00
# Visual Studio Version 17
VisualStudioVersion = 17.9.34728.123
MinimumVisualStudioVersion = 10.0.40219.1
Project("{FAE04EC0-301F-11D3-BF4B-00C04F79EFBC}") = "MinfEditor Reattempt", "MinfEditor Reattempt.csproj", "{FC4D3FA7-9E84-4B42-85E9-DB5AE0593072}"
EndProject
Global
	GlobalSection(SolutionConfigurationPlatforms) = preSolution
		Debug|Any CPU = Debug|Any CPU
		Release|Any CPU = Release|Any CPU
	EndGlobalSection
	GlobalSection(ProjectConfigurationPlatforms) = postSolution
		{FC4D3FA7-9E84-4B42-85E9-DB5AE0593072}.Debug|Any CPU.ActiveCfg = Debug|Any CPU
		{FC4D3FA7-9E84-4B42-85E9-DB5AE0593072}.Debug|Any CPU.Build.0 = Debug|Any CPU
		{FC4D3FA7-9E84-4B42-85E9-DB5AE0593072}.Release|Any CPU.ActiveCfg = Release|Any CPU
		{FC4D3FA7-9E84-4B42-85E9-DB5AE0593072}.Release|Any CPU.Build.0 = Release|Any CPU
	EndGlobalSection
	GlobalSection(SolutionProperties) = preSolution
		HideSolutionNode = FALSE
	EndGlobalSection
	GlobalSection(ExtensibilityGlobals) = postSolution
		SolutionGuid = {BB045FC2-B6C4-4BD0-933D-91AE69D4F6D3}
	EndGlobalSection
EndGlobal
